
Microsoft Visual Studio Solution File, Format Version 12.00
# Visual Studio 2013
VisualStudioVersion = 12.0.30324.0
MinimumVisualStudioVersion = 10.0.40219.1
Project("{FAE04EC0-301F-11D3-BF4B-00C04F79EFBC}") = "FanfouWP", "FanfouWP\FanfouWP.csproj", "{993E4E45-AE65-45F4-9269-FA0A8494BCD9}"
EndProject
Project("{FAE04EC0-301F-11D3-BF4B-00C04F79EFBC}") = "FanfouWPTaskAgent", "FanfouWPTaskAgent\FanfouWPTaskAgent.csproj", "{92268E77-799B-4F91-B425-C3C3228B5B98}"
EndProject
Project("{FAE04EC0-301F-11D3-BF4B-00C04F79EFBC}") = "Hammock.WindowsPhone", "..\hammock\src\net40\Hammock.WindowsPhone\Hammock.WindowsPhone.csproj", "{3059FD1C-4B4B-4460-A0D4-53C84CCE6CAC}"
EndProject
Project("{FAE04EC0-301F-11D3-BF4B-00C04F79EFBC}") = "ICSharpCode.SharpZipLib.WindowsPhone", "..\hammock\src\net40\ICSharpCode.SharpZipLib.WindowsPhone\ICSharpCode.SharpZipLib.WindowsPhone.csproj", "{BF04A546-D681-4F5A-AC41-CFC67CAEC66E}"
EndProject
Global
	GlobalSection(SolutionConfigurationPlatforms) = preSolution
		Debug|Any CPU = Debug|Any CPU
		Debug|ARM = Debug|ARM
		Debug|Mixed Platforms = Debug|Mixed Platforms
		Debug|x86 = Debug|x86
		Release|Any CPU = Release|Any CPU
		Release|ARM = Release|ARM
		Release|Mixed Platforms = Release|Mixed Platforms
		Release|x86 = Release|x86
	EndGlobalSection
	GlobalSection(ProjectConfigurationPlatforms) = postSolution
		{993E4E45-AE65-45F4-9269-FA0A8494BCD9}.Debug|Any CPU.ActiveCfg = Debug|ARM
		{993E4E45-AE65-45F4-9269-FA0A8494BCD9}.Debug|Any CPU.Build.0 = Debug|ARM
		{993E4E45-AE65-45F4-9269-FA0A8494BCD9}.Debug|Any CPU.Deploy.0 = Debug|ARM
		{993E4E45-AE65-45F4-9269-FA0A8494BCD9}.Debug|ARM.ActiveCfg = Debug|ARM
		{993E4E45-AE65-45F4-9269-FA0A8494BCD9}.Debug|ARM.Build.0 = Debug|ARM
		{993E4E45-AE65-45F4-9269-FA0A8494BCD9}.Debug|ARM.Deploy.0 = Debug|ARM
		{993E4E45-AE65-45F4-9269-FA0A8494BCD9}.Debug|Mixed Platforms.ActiveCfg = Debug|x86
		{993E4E45-AE65-45F4-9269-FA0A8494BCD9}.Debug|Mixed Platforms.Build.0 = Debug|x86
		{993E4E45-AE65-45F4-9269-FA0A8494BCD9}.Debug|Mixed Platforms.Deploy.0 = Debug|x86
		{993E4E45-AE65-45F4-9269-FA0A8494BCD9}.Debug|x86.ActiveCfg = Debug|x86
		{993E4E45-AE65-45F4-9269-FA0A8494BCD9}.Debug|x86.Build.0 = Debug|x86
		{993E4E45-AE65-45F4-9269-FA0A8494BCD9}.Debug|x86.Deploy.0 = Debug|x86
		{993E4E45-AE65-45F4-9269-FA0A8494BCD9}.Release|Any CPU.ActiveCfg = Release|ARM
		{993E4E45-AE65-45F4-9269-FA0A8494BCD9}.Release|Any CPU.Build.0 = Release|ARM
		{993E4E45-AE65-45F4-9269-FA0A8494BCD9}.Release|Any CPU.Deploy.0 = Release|ARM
		{993E4E45-AE65-45F4-9269-FA0A8494BCD9}.Release|ARM.ActiveCfg = Release|ARM
		{993E4E45-AE65-45F4-9269-FA0A8494BCD9}.Release|ARM.Build.0 = Release|ARM
		{993E4E45-AE65-45F4-9269-FA0A8494BCD9}.Release|ARM.Deploy.0 = Release|ARM
		{993E4E45-AE65-45F4-9269-FA0A8494BCD9}.Release|Mixed Platforms.ActiveCfg = Release|x86
		{993E4E45-AE65-45F4-9269-FA0A8494BCD9}.Release|Mixed Platforms.Build.0 = Release|x86
		{993E4E45-AE65-45F4-9269-FA0A8494BCD9}.Release|Mixed Platforms.Deploy.0 = Release|x86
		{993E4E45-AE65-45F4-9269-FA0A8494BCD9}.Release|x86.ActiveCfg = Release|x86
		{993E4E45-AE65-45F4-9269-FA0A8494BCD9}.Release|x86.Build.0 = Release|x86
		{993E4E45-AE65-45F4-9269-FA0A8494BCD9}.Release|x86.Deploy.0 = Release|x86
		{92268E77-799B-4F91-B425-C3C3228B5B98}.Debug|Any CPU.ActiveCfg = Debug|Any CPU
		{92268E77-799B-4F91-B425-C3C3228B5B98}.Debug|Any CPU.Build.0 = Debug|Any CPU
		{92268E77-799B-4F91-B425-C3C3228B5B98}.Debug|ARM.ActiveCfg = Debug|ARM
		{92268E77-799B-4F91-B425-C3C3228B5B98}.Debug|ARM.Build.0 = Debug|ARM
		{92268E77-799B-4F91-B425-C3C3228B5B98}.Debug|Mixed Platforms.ActiveCfg = Debug|x86
		{92268E77-799B-4F91-B425-C3C3228B5B98}.Debug|Mixed Platforms.Build.0 = Debug|x86
		{92268E77-799B-4F91-B425-C3C3228B5B98}.Debug|x86.ActiveCfg = Debug|x86
		{92268E77-799B-4F91-B425-C3C3228B5B98}.Debug|x86.Build.0 = Debug|x86
		{92268E77-799B-4F91-B425-C3C3228B5B98}.Release|Any CPU.ActiveCfg = Release|Any CPU
		{92268E77-799B-4F91-B425-C3C3228B5B98}.Release|Any CPU.Build.0 = Release|Any CPU
		{92268E77-799B-4F91-B425-C3C3228B5B98}.Release|ARM.ActiveCfg = Release|ARM
		{92268E77-799B-4F91-B425-C3C3228B5B98}.Release|ARM.Build.0 = Release|ARM
		{92268E77-799B-4F91-B425-C3C3228B5B98}.Release|Mixed Platforms.ActiveCfg = Release|x86
		{92268E77-799B-4F91-B425-C3C3228B5B98}.Release|Mixed Platforms.Build.0 = Release|x86
		{92268E77-799B-4F91-B425-C3C3228B5B98}.Release|x86.ActiveCfg = Release|x86
		{92268E77-799B-4F91-B425-C3C3228B5B98}.Release|x86.Build.0 = Release|x86
		{3059FD1C-4B4B-4460-A0D4-53C84CCE6CAC}.Debug|Any CPU.ActiveCfg = Debug|Any CPU
		{3059FD1C-4B4B-4460-A0D4-53C84CCE6CAC}.Debug|Any CPU.Build.0 = Debug|Any CPU
		{3059FD1C-4B4B-4460-A0D4-53C84CCE6CAC}.Debug|ARM.ActiveCfg = Debug|ARM
		{3059FD1C-4B4B-4460-A0D4-53C84CCE6CAC}.Debug|ARM.Build.0 = Debug|ARM
		{3059FD1C-4B4B-4460-A0D4-53C84CCE6CAC}.Debug|Mixed Platforms.ActiveCfg = Debug|x86
		{3059FD1C-4B4B-4460-A0D4-53C84CCE6CAC}.Debug|Mixed Platforms.Build.0 = Debug|x86
		{3059FD1C-4B4B-4460-A0D4-53C84CCE6CAC}.Debug|x86.ActiveCfg = Debug|x86
		{3059FD1C-4B4B-4460-A0D4-53C84CCE6CAC}.Debug|x86.Build.0 = Debug|x86
		{3059FD1C-4B4B-4460-A0D4-53C84CCE6CAC}.Release|Any CPU.ActiveCfg = Release|Any CPU
		{3059FD1C-4B4B-4460-A0D4-53C84CCE6CAC}.Release|Any CPU.Build.0 = Release|Any CPU
		{3059FD1C-4B4B-4460-A0D4-53C84CCE6CAC}.Release|ARM.ActiveCfg = Release|ARM
		{3059FD1C-4B4B-4460-A0D4-53C84CCE6CAC}.Release|ARM.Build.0 = Release|ARM
		{3059FD1C-4B4B-4460-A0D4-53C84CCE6CAC}.Release|Mixed Platforms.ActiveCfg = Release|x86
		{3059FD1C-4B4B-4460-A0D4-53C84CCE6CAC}.Release|Mixed Platforms.Build.0 = Release|x86
		{3059FD1C-4B4B-4460-A0D4-53C84CCE6CAC}.Release|x86.ActiveCfg = Release|x86
		{3059FD1C-4B4B-4460-A0D4-53C84CCE6CAC}.Release|x86.Build.0 = Release|x86
		{BF04A546-D681-4F5A-AC41-CFC67CAEC66E}.Debug|Any CPU.ActiveCfg = Debug|Any CPU
		{BF04A546-D681-4F5A-AC41-CFC67CAEC66E}.Debug|Any CPU.Build.0 = Debug|Any CPU
		{BF04A546-D681-4F5A-AC41-CFC67CAEC66E}.Debug|ARM.ActiveCfg = Debug|ARM
		{BF04A546-D681-4F5A-AC41-CFC67CAEC66E}.Debug|ARM.Build.0 = Debug|ARM
		{BF04A546-D681-4F5A-AC41-CFC67CAEC66E}.Debug|Mixed Platforms.ActiveCfg = Debug|x86
		{BF04A546-D681-4F5A-AC41-CFC67CAEC66E}.Debug|Mixed Platforms.Build.0 = Debug|x86
		{BF04A546-D681-4F5A-AC41-CFC67CAEC66E}.Debug|x86.ActiveCfg = Debug|x86
		{BF04A546-D681-4F5A-AC41-CFC67CAEC66E}.Debug|x86.Build.0 = Debug|x86
		{BF04A546-D681-4F5A-AC41-CFC67CAEC66E}.Release|Any CPU.ActiveCfg = Release|Any CPU
		{BF04A546-D681-4F5A-AC41-CFC67CAEC66E}.Release|Any CPU.Build.0 = Release|Any CPU
		{BF04A546-D681-4F5A-AC41-CFC67CAEC66E}.Release|ARM.ActiveCfg = Release|ARM
		{BF04A546-D681-4F5A-AC41-CFC67CAEC66E}.Release|ARM.Build.0 = Release|ARM
		{BF04A546-D681-4F5A-AC41-CFC67CAEC66E}.Release|Mixed Platforms.ActiveCfg = Release|x86
		{BF04A546-D681-4F5A-AC41-CFC67CAEC66E}.Release|Mixed Platforms.Build.0 = Release|x86
		{BF04A546-D681-4F5A-AC41-CFC67CAEC66E}.Release|x86.ActiveCfg = Release|x86
		{BF04A546-D681-4F5A-AC41-CFC67CAEC66E}.Release|x86.Build.0 = Release|x86
	EndGlobalSection
	GlobalSection(SolutionProperties) = preSolution
		HideSolutionNode = FALSE
	EndGlobalSection
EndGlobal
